
Microsoft Visual Studio Solution File, Format Version 12.00
# Visual Studio Version 16
VisualStudioVersion = 16.0.30523.141
MinimumVisualStudioVersion = 10.0.40219.1
Project("{9A19103F-16F7-4668-BE54-9A1E7A4F7556}") = "OOP_DZ1", "OOP_DZ1.csproj", "{4BCB2463-42F8-426B-8697-659C223303C8}"
EndProject
Project("{FAE04EC0-301F-11D3-BF4B-00C04F79EFBC}") = "ClassLibraryOOP_DZ1", "..\ClassLibraryOOP_DZ1\ClassLibraryOOP_DZ1.csproj", "{DC6A22BC-CF88-4541-B170-E841ECCDD066}"
EndProject
Global
	GlobalSection(SolutionConfigurationPlatforms) = preSolution
		Debug|Any CPU = Debug|Any CPU
		Release|Any CPU = Release|Any CPU
	EndGlobalSection
	GlobalSection(ProjectConfigurationPlatforms) = postSolution
		{4BCB2463-42F8-426B-8697-659C223303C8}.Debug|Any CPU.ActiveCfg = Debug|Any CPU
		{4BCB2463-42F8-426B-8697-659C223303C8}.Debug|Any CPU.Build.0 = Debug|Any CPU
		{4BCB2463-42F8-426B-8697-659C223303C8}.Release|Any CPU.ActiveCfg = Release|Any CPU
		{4BCB2463-42F8-426B-8697-659C223303C8}.Release|Any CPU.Build.0 = Release|Any CPU
		{DC6A22BC-CF88-4541-B170-E841ECCDD066}.Debug|Any CPU.ActiveCfg = Debug|Any CPU
		{DC6A22BC-CF88-4541-B170-E841ECCDD066}.Debug|Any CPU.Build.0 = Debug|Any CPU
		{DC6A22BC-CF88-4541-B170-E841ECCDD066}.Release|Any CPU.ActiveCfg = Release|Any CPU
		{DC6A22BC-CF88-4541-B170-E841ECCDD066}.Release|Any CPU.Build.0 = Release|Any CPU
	EndGlobalSection
	GlobalSection(SolutionProperties) = preSolution
		HideSolutionNode = FALSE
	EndGlobalSection
	GlobalSection(ExtensibilityGlobals) = postSolution
		SolutionGuid = {AAEFCAC1-EA2C-435F-A2F2-7DF7AFDA4A5B}
	EndGlobalSection
EndGlobal
